// !$*UTF8*$!
{
	archiveVersion = 1;
	classes = {
	};
	objectVersion = 50;
	objects = {

/* Begin PBXBuildFile section */
		EC52AA2C240D9D4B001E14AF /* AppDelegate.swift in Sources */ = {isa = PBXBuildFile; fileRef = EC52AA2B240D9D4B001E14AF /* AppDelegate.swift */; };
		EC52AA32240D9D4E001E14AF /* Assets.xcassets in Resources */ = {isa = PBXBuildFile; fileRef = EC52AA31240D9D4E001E14AF /* Assets.xcassets */; };
		EC52AA38240D9D4E001E14AF /* LaunchScreen.storyboard in Resources */ = {isa = PBXBuildFile; fileRef = EC52AA36240D9D4E001E14AF /* LaunchScreen.storyboard */; };
		EC52AA40240DA4BE001E14AF /* ViewController.swift in Sources */ = {isa = PBXBuildFile; fileRef = EC52AA3F240DA4BE001E14AF /* ViewController.swift */; };
		EC52AA42240DA4EE001E14AF /* LoginViewController.swift in Sources */ = {isa = PBXBuildFile; fileRef = EC52AA41240DA4EE001E14AF /* LoginViewController.swift */; };
		EC52AA49240DC8A2001E14AF /* JSONParameterEncoding.swift in Sources */ = {isa = PBXBuildFile; fileRef = EC52AA48240DC8A2001E14AF /* JSONParameterEncoding.swift */; };
		EC52AA4B240DC8AB001E14AF /* ParameterEncoding.swift in Sources */ = {isa = PBXBuildFile; fileRef = EC52AA4A240DC8AB001E14AF /* ParameterEncoding.swift */; };
		EC52AA4D240DC8B8001E14AF /* URLParameterEncoding.swift in Sources */ = {isa = PBXBuildFile; fileRef = EC52AA4C240DC8B8001E14AF /* URLParameterEncoding.swift */; };
		EC52AA51240DC95F001E14AF /* EndpointType.swift in Sources */ = {isa = PBXBuildFile; fileRef = EC52AA50240DC95F001E14AF /* EndpointType.swift */; };
		EC52AA53240DC971001E14AF /* HTTPMethod.swift in Sources */ = {isa = PBXBuildFile; fileRef = EC52AA52240DC971001E14AF /* HTTPMethod.swift */; };
		EC52AA55240DC980001E14AF /* HTTPTask.swift in Sources */ = {isa = PBXBuildFile; fileRef = EC52AA54240DC980001E14AF /* HTTPTask.swift */; };
		EC52AA57240DC99E001E14AF /* NetworkLogger.swift in Sources */ = {isa = PBXBuildFile; fileRef = EC52AA56240DC99E001E14AF /* NetworkLogger.swift */; };
		EC52AA59240DC9AF001E14AF /* NetworkRouter.swift in Sources */ = {isa = PBXBuildFile; fileRef = EC52AA58240DC9AF001E14AF /* NetworkRouter.swift */; };
		EC52AA5B240DC9C9001E14AF /* Router.swift in Sources */ = {isa = PBXBuildFile; fileRef = EC52AA5A240DC9C9001E14AF /* Router.swift */; };
		EC52AA62240E04CD001E14AF /* AuthEndpoint.swift in Sources */ = {isa = PBXBuildFile; fileRef = EC52AA61240E04CD001E14AF /* AuthEndpoint.swift */; };
		EC52AA66240E12C1001E14AF /* Authentication.swift in Sources */ = {isa = PBXBuildFile; fileRef = EC52AA65240E12C1001E14AF /* Authentication.swift */; };
		EC52AA68240E1570001E14AF /* KeychainWrapper.swift in Sources */ = {isa = PBXBuildFile; fileRef = EC52AA67240E1570001E14AF /* KeychainWrapper.swift */; };
		EC52AA6A240E1596001E14AF /* KeychainItemAccessibility.swift in Sources */ = {isa = PBXBuildFile; fileRef = EC52AA69240E1596001E14AF /* KeychainItemAccessibility.swift */; };
		EC52AA6C240EEE35001E14AF /* NetworkResponse.swift in Sources */ = {isa = PBXBuildFile; fileRef = EC52AA6B240EEE35001E14AF /* NetworkResponse.swift */; };
		EC52AA6E240EEEDA001E14AF /* AuthNetworkManager.swift in Sources */ = {isa = PBXBuildFile; fileRef = EC52AA6D240EEEDA001E14AF /* AuthNetworkManager.swift */; };
		EC52AA70240EF2F5001E14AF /* AuthApiResponse.swift in Sources */ = {isa = PBXBuildFile; fileRef = EC52AA6F240EF2F5001E14AF /* AuthApiResponse.swift */; };
		EC52AA77240F3D50001E14AF /* NetworkEnvironment.swift in Sources */ = {isa = PBXBuildFile; fileRef = EC52AA76240F3D50001E14AF /* NetworkEnvironment.swift */; };
		EC80E4112411932E00B94A6F /* QuickAuthenticate.swift in Sources */ = {isa = PBXBuildFile; fileRef = EC80E4102411932E00B94A6F /* QuickAuthenticate.swift */; };
		ECEEA313246A121A005812BF /* PingApiResponse.swift in Sources */ = {isa = PBXBuildFile; fileRef = ECEEA312246A121A005812BF /* PingApiResponse.swift */; };
/* End PBXBuildFile section */

/* Begin PBXFileReference section */
		EC52AA28240D9D4B001E14AF /* jwt-ios.app */ = {isa = PBXFileReference; explicitFileType = wrapper.application; includeInIndex = 0; path = "jwt-ios.app"; sourceTree = BUILT_PRODUCTS_DIR; };
		EC52AA2B240D9D4B001E14AF /* AppDelegate.swift */ = {isa = PBXFileReference; lastKnownFileType = sourcecode.swift; path = AppDelegate.swift; sourceTree = "<group>"; };
		EC52AA31240D9D4E001E14AF /* Assets.xcassets */ = {isa = PBXFileReference; lastKnownFileType = folder.assetcatalog; path = Assets.xcassets; sourceTree = "<group>"; };
		EC52AA37240D9D4E001E14AF /* Base */ = {isa = PBXFileReference; lastKnownFileType = file.storyboard; name = Base; path = Base.lproj/LaunchScreen.storyboard; sourceTree = "<group>"; };
		EC52AA39240D9D4E001E14AF /* Info.plist */ = {isa = PBXFileReference; lastKnownFileType = text.plist.xml; path = Info.plist; sourceTree = "<group>"; };
		EC52AA3F240DA4BE001E14AF /* ViewController.swift */ = {isa = PBXFileReference; lastKnownFileType = sourcecode.swift; path = ViewController.swift; sourceTree = "<group>"; };
		EC52AA41240DA4EE001E14AF /* LoginViewController.swift */ = {isa = PBXFileReference; lastKnownFileType = sourcecode.swift; path = LoginViewController.swift; sourceTree = "<group>"; };
		EC52AA48240DC8A2001E14AF /* JSONParameterEncoding.swift */ = {isa = PBXFileReference; lastKnownFileType = sourcecode.swift; path = JSONParameterEncoding.swift; sourceTree = "<group>"; };
		EC52AA4A240DC8AB001E14AF /* ParameterEncoding.swift */ = {isa = PBXFileReference; lastKnownFileType = sourcecode.swift; path = ParameterEncoding.swift; sourceTree = "<group>"; };
		EC52AA4C240DC8B8001E14AF /* URLParameterEncoding.swift */ = {isa = PBXFileReference; lastKnownFileType = sourcecode.swift; path = URLParameterEncoding.swift; sourceTree = "<group>"; };
		EC52AA50240DC95F001E14AF /* EndpointType.swift */ = {isa = PBXFileReference; lastKnownFileType = sourcecode.swift; path = EndpointType.swift; sourceTree = "<group>"; };
		EC52AA52240DC971001E14AF /* HTTPMethod.swift */ = {isa = PBXFileReference; lastKnownFileType = sourcecode.swift; path = HTTPMethod.swift; sourceTree = "<group>"; };
		EC52AA54240DC980001E14AF /* HTTPTask.swift */ = {isa = PBXFileReference; lastKnownFileType = sourcecode.swift; path = HTTPTask.swift; sourceTree = "<group>"; };
		EC52AA56240DC99E001E14AF /* NetworkLogger.swift */ = {isa = PBXFileReference; lastKnownFileType = sourcecode.swift; path = NetworkLogger.swift; sourceTree = "<group>"; };
		EC52AA58240DC9AF001E14AF /* NetworkRouter.swift */ = {isa = PBXFileReference; lastKnownFileType = sourcecode.swift; path = NetworkRouter.swift; sourceTree = "<group>"; };
		EC52AA5A240DC9C9001E14AF /* Router.swift */ = {isa = PBXFileReference; lastKnownFileType = sourcecode.swift; path = Router.swift; sourceTree = "<group>"; };
		EC52AA61240E04CD001E14AF /* AuthEndpoint.swift */ = {isa = PBXFileReference; lastKnownFileType = sourcecode.swift; path = AuthEndpoint.swift; sourceTree = "<group>"; };
		EC52AA65240E12C1001E14AF /* Authentication.swift */ = {isa = PBXFileReference; lastKnownFileType = sourcecode.swift; path = Authentication.swift; sourceTree = "<group>"; };
		EC52AA67240E1570001E14AF /* KeychainWrapper.swift */ = {isa = PBXFileReference; lastKnownFileType = sourcecode.swift; path = KeychainWrapper.swift; sourceTree = "<group>"; };
		EC52AA69240E1596001E14AF /* KeychainItemAccessibility.swift */ = {isa = PBXFileReference; lastKnownFileType = sourcecode.swift; path = KeychainItemAccessibility.swift; sourceTree = "<group>"; };
		EC52AA6B240EEE35001E14AF /* NetworkResponse.swift */ = {isa = PBXFileReference; lastKnownFileType = sourcecode.swift; path = NetworkResponse.swift; sourceTree = "<group>"; };
		EC52AA6D240EEEDA001E14AF /* AuthNetworkManager.swift */ = {isa = PBXFileReference; lastKnownFileType = sourcecode.swift; path = AuthNetworkManager.swift; sourceTree = "<group>"; };
		EC52AA6F240EF2F5001E14AF /* AuthApiResponse.swift */ = {isa = PBXFileReference; lastKnownFileType = sourcecode.swift; path = AuthApiResponse.swift; sourceTree = "<group>"; };
		EC52AA76240F3D50001E14AF /* NetworkEnvironment.swift */ = {isa = PBXFileReference; lastKnownFileType = sourcecode.swift; path = NetworkEnvironment.swift; sourceTree = "<group>"; };
		EC80E4102411932E00B94A6F /* QuickAuthenticate.swift */ = {isa = PBXFileReference; lastKnownFileType = sourcecode.swift; path = QuickAuthenticate.swift; sourceTree = "<group>"; };
		ECEEA312246A121A005812BF /* PingApiResponse.swift */ = {isa = PBXFileReference; lastKnownFileType = sourcecode.swift; path = PingApiResponse.swift; sourceTree = "<group>"; };
/* End PBXFileReference section */

/* Begin PBXFrameworksBuildPhase section */
		EC52AA25240D9D4B001E14AF /* Frameworks */ = {
			isa = PBXFrameworksBuildPhase;
			buildActionMask = 2147483647;
			files = (
			);
			runOnlyForDeploymentPostprocessing = 0;
		};
/* End PBXFrameworksBuildPhase section */

/* Begin PBXGroup section */
		EC52AA1F240D9D4B001E14AF = {
			isa = PBXGroup;
			children = (
				EC52AA2A240D9D4B001E14AF /* jwt-ios */,
				EC52AA29240D9D4B001E14AF /* Products */,
			);
			sourceTree = "<group>";
		};
		EC52AA29240D9D4B001E14AF /* Products */ = {
			isa = PBXGroup;
			children = (
				EC52AA28240D9D4B001E14AF /* jwt-ios.app */,
			);
			name = Products;
			sourceTree = "<group>";
		};
		EC52AA2A240D9D4B001E14AF /* jwt-ios */ = {
			isa = PBXGroup;
			children = (
				EC52AA2B240D9D4B001E14AF /* AppDelegate.swift */,
				EC52AA41240DA4EE001E14AF /* LoginViewController.swift */,
				EC52AA3F240DA4BE001E14AF /* ViewController.swift */,
				EC52AA71240EF372001E14AF /* Authentication */,
				EC52AA5E240DCC0E001E14AF /* Model */,
				EC52AA43240DC80D001E14AF /* Networking */,
				EC52AA31240D9D4E001E14AF /* Assets.xcassets */,
				EC52AA36240D9D4E001E14AF /* LaunchScreen.storyboard */,
				EC52AA39240D9D4E001E14AF /* Info.plist */,
			);
			path = "jwt-ios";
			sourceTree = "<group>";
		};
		EC52AA43240DC80D001E14AF /* Networking */ = {
			isa = PBXGroup;
			children = (
				EC52AA47240DC881001E14AF /* Service */,
				EC52AA46240DC87A001E14AF /* Manager */,
				EC52AA45240DC870001E14AF /* Endpoint */,
				EC52AA44240DC868001E14AF /* Encoding */,
			);
			path = Networking;
			sourceTree = "<group>";
		};
		EC52AA44240DC868001E14AF /* Encoding */ = {
			isa = PBXGroup;
			children = (
				EC52AA4A240DC8AB001E14AF /* ParameterEncoding.swift */,
				EC52AA48240DC8A2001E14AF /* JSONParameterEncoding.swift */,
				EC52AA4C240DC8B8001E14AF /* URLParameterEncoding.swift */,
			);
			path = Encoding;
			sourceTree = "<group>";
		};
		EC52AA45240DC870001E14AF /* Endpoint */ = {
			isa = PBXGroup;
			children = (
				EC52AA76240F3D50001E14AF /* NetworkEnvironment.swift */,
				EC52AA61240E04CD001E14AF /* AuthEndpoint.swift */,
			);
			path = Endpoint;
			sourceTree = "<group>";
		};
		EC52AA46240DC87A001E14AF /* Manager */ = {
			isa = PBXGroup;
			children = (
				EC52AA6B240EEE35001E14AF /* NetworkResponse.swift */,
				EC52AA6D240EEEDA001E14AF /* AuthNetworkManager.swift */,
			);
			path = Manager;
			sourceTree = "<group>";
		};
		EC52AA47240DC881001E14AF /* Service */ = {
			isa = PBXGroup;
			children = (
				EC52AA50240DC95F001E14AF /* EndpointType.swift */,
				EC52AA52240DC971001E14AF /* HTTPMethod.swift */,
				EC52AA54240DC980001E14AF /* HTTPTask.swift */,
				EC52AA56240DC99E001E14AF /* NetworkLogger.swift */,
				EC52AA58240DC9AF001E14AF /* NetworkRouter.swift */,
				EC52AA5A240DC9C9001E14AF /* Router.swift */,
			);
			path = Service;
			sourceTree = "<group>";
		};
		EC52AA5E240DCC0E001E14AF /* Model */ = {
			isa = PBXGroup;
			children = (
				EC52AA6F240EF2F5001E14AF /* AuthApiResponse.swift */,
				ECEEA312246A121A005812BF /* PingApiResponse.swift */,
			);
			path = Model;
			sourceTree = "<group>";
		};
		EC52AA71240EF372001E14AF /* Authentication */ = {
			isa = PBXGroup;
			children = (
				EC52AA65240E12C1001E14AF /* Authentication.swift */,
				EC80E4102411932E00B94A6F /* QuickAuthenticate.swift */,
				EC52AA67240E1570001E14AF /* KeychainWrapper.swift */,
				EC52AA69240E1596001E14AF /* KeychainItemAccessibility.swift */,
			);
			path = Authentication;
			sourceTree = "<group>";
		};
/* End PBXGroup section */

/* Begin PBXNativeTarget section */
		EC52AA27240D9D4B001E14AF /* jwt-ios */ = {
			isa = PBXNativeTarget;
			buildConfigurationList = EC52AA3C240D9D4E001E14AF /* Build configuration list for PBXNativeTarget "jwt-ios" */;
			buildPhases = (
				EC52AA24240D9D4B001E14AF /* Sources */,
				EC52AA25240D9D4B001E14AF /* Frameworks */,
				EC52AA26240D9D4B001E14AF /* Resources */,
			);
			buildRules = (
			);
			dependencies = (
			);
			name = "jwt-ios";
			productName = "jwt-ios";
			productReference = EC52AA28240D9D4B001E14AF /* jwt-ios.app */;
			productType = "com.apple.product-type.application";
		};
/* End PBXNativeTarget section */

/* Begin PBXProject section */
		EC52AA20240D9D4B001E14AF /* Project object */ = {
			isa = PBXProject;
			attributes = {
				LastSwiftUpdateCheck = 1130;
				LastUpgradeCheck = 1130;
				ORGANIZATIONNAME = "Andrew Chen Wang";
				TargetAttributes = {
					EC52AA27240D9D4B001E14AF = {
						CreatedOnToolsVersion = 11.3.1;
					};
				};
			};
			buildConfigurationList = EC52AA23240D9D4B001E14AF /* Build configuration list for PBXProject "jwt-ios" */;
			compatibilityVersion = "Xcode 9.3";
			developmentRegion = en;
			hasScannedForEncodings = 0;
			knownRegions = (
				en,
				Base,
			);
			mainGroup = EC52AA1F240D9D4B001E14AF;
			productRefGroup = EC52AA29240D9D4B001E14AF /* Products */;
			projectDirPath = "";
			projectRoot = "";
			targets = (
				EC52AA27240D9D4B001E14AF /* jwt-ios */,
			);
		};
/* End PBXProject section */

/* Begin PBXResourcesBuildPhase section */
		EC52AA26240D9D4B001E14AF /* Resources */ = {
			isa = PBXResourcesBuildPhase;
			buildActionMask = 2147483647;
			files = (
				EC52AA38240D9D4E001E14AF /* LaunchScreen.storyboard in Resources */,
				EC52AA32240D9D4E001E14AF /* Assets.xcassets in Resources */,
			);
			runOnlyForDeploymentPostprocessing = 0;
		};
/* End PBXResourcesBuildPhase section */

/* Begin PBXSourcesBuildPhase section */
		EC52AA24240D9D4B001E14AF /* Sources */ = {
			isa = PBXSourcesBuildPhase;
			buildActionMask = 2147483647;
			files = (
				EC52AA51240DC95F001E14AF /* EndpointType.swift in Sources */,
				EC52AA77240F3D50001E14AF /* NetworkEnvironment.swift in Sources */,
				EC52AA6C240EEE35001E14AF /* NetworkResponse.swift in Sources */,
				EC52AA59240DC9AF001E14AF /* NetworkRouter.swift in Sources */,
				EC52AA62240E04CD001E14AF /* AuthEndpoint.swift in Sources */,
				EC52AA49240DC8A2001E14AF /* JSONParameterEncoding.swift in Sources */,
				EC52AA42240DA4EE001E14AF /* LoginViewController.swift in Sources */,
				EC52AA4B240DC8AB001E14AF /* ParameterEncoding.swift in Sources */,
				EC52AA68240E1570001E14AF /* KeychainWrapper.swift in Sources */,
				EC52AA53240DC971001E14AF /* HTTPMethod.swift in Sources */,
				EC52AA55240DC980001E14AF /* HTTPTask.swift in Sources */,
				EC52AA40240DA4BE001E14AF /* ViewController.swift in Sources */,
				EC52AA4D240DC8B8001E14AF /* URLParameterEncoding.swift in Sources */,
				EC52AA6A240E1596001E14AF /* KeychainItemAccessibility.swift in Sources */,
				EC52AA2C240D9D4B001E14AF /* AppDelegate.swift in Sources */,
				EC52AA57240DC99E001E14AF /* NetworkLogger.swift in Sources */,
				EC52AA5B240DC9C9001E14AF /* Router.swift in Sources */,
				EC52AA70240EF2F5001E14AF /* AuthApiResponse.swift in Sources */,
				EC52AA66240E12C1001E14AF /* Authentication.swift in Sources */,
				ECEEA313246A121A005812BF /* PingApiResponse.swift in Sources */,
				EC80E4112411932E00B94A6F /* QuickAuthenticate.swift in Sources */,
				EC52AA6E240EEEDA001E14AF /* AuthNetworkManager.swift in Sources */,
			);
			runOnlyForDeploymentPostprocessing = 0;
		};
/* End PBXSourcesBuildPhase section */

/* Begin PBXVariantGroup section */
		EC52AA36240D9D4E001E14AF /* LaunchScreen.storyboard */ = {
			isa = PBXVariantGroup;
			children = (
				EC52AA37240D9D4E001E14AF /* Base */,
			);
			name = LaunchScreen.storyboard;
			sourceTree = "<group>";
		};
/* End PBXVariantGroup section */

/* Begin XCBuildConfiguration section */
		EC52AA3A240D9D4E001E14AF /* Debug */ = {
			isa = XCBuildConfiguration;
			buildSettings = {
				ALWAYS_SEARCH_USER_PATHS = NO;
				CLANG_ANALYZER_NONNULL = YES;
				CLANG_ANALYZER_NUMBER_OBJECT_CONVERSION = YES_AGGRESSIVE;
				CLANG_CXX_LANGUAGE_STANDARD = "gnu++14";
				CLANG_CXX_LIBRARY = "libc++";
				CLANG_ENABLE_MODULES = YES;
				CLANG_ENABLE_OBJC_ARC = YES;
				CLANG_ENABLE_OBJC_WEAK = YES;
				CLANG_WARN_BLOCK_CAPTURE_AUTORELEASING = YES;
				CLANG_WARN_BOOL_CONVERSION = YES;
				CLANG_WARN_COMMA = YES;
				CLANG_WARN_CONSTANT_CONVERSION = YES;
				CLANG_WARN_DEPRECATED_OBJC_IMPLEMENTATIONS = YES;
				CLANG_WARN_DIRECT_OBJC_ISA_USAGE = YES_ERROR;
				CLANG_WARN_DOCUMENTATION_COMMENTS = YES;
				CLANG_WARN_EMPTY_BODY = YES;
				CLANG_WARN_ENUM_CONVERSION = YES;
				CLANG_WARN_INFINITE_RECURSION = YES;
				CLANG_WARN_INT_CONVERSION = YES;
				CLANG_WARN_NON_LITERAL_NULL_CONVERSION = YES;
				CLANG_WARN_OBJC_IMPLICIT_RETAIN_SELF = YES;
				CLANG_WARN_OBJC_LITERAL_CONVERSION = YES;
				CLANG_WARN_OBJC_ROOT_CLASS = YES_ERROR;
				CLANG_WARN_RANGE_LOOP_ANALYSIS = YES;
				CLANG_WARN_STRICT_PROTOTYPES = YES;
				CLANG_WARN_SUSPICIOUS_MOVE = YES;
				CLANG_WARN_UNGUARDED_AVAILABILITY = YES_AGGRESSIVE;
				CLANG_WARN_UNREACHABLE_CODE = YES;
				CLANG_WARN__DUPLICATE_METHOD_MATCH = YES;
				COPY_PHASE_STRIP = NO;
				DEBUG_INFORMATION_FORMAT = dwarf;
				ENABLE_STRICT_OBJC_MSGSEND = YES;
				ENABLE_TESTABILITY = YES;
				GCC_C_LANGUAGE_STANDARD = gnu11;
				GCC_DYNAMIC_NO_PIC = NO;
				GCC_NO_COMMON_BLOCKS = YES;
				GCC_OPTIMIZATION_LEVEL = 0;
				GCC_PREPROCESSOR_DEFINITIONS = (
					"DEBUG=1",
					"$(inherited)",
				);
				GCC_WARN_64_TO_32_BIT_CONVERSION = YES;
				GCC_WARN_ABOUT_RETURN_TYPE = YES_ERROR;
				GCC_WARN_UNDECLARED_SELECTOR = YES;
				GCC_WARN_UNINITIALIZED_AUTOS = YES_AGGRESSIVE;
				GCC_WARN_UNUSED_FUNCTION = YES;
				GCC_WARN_UNUSED_VARIABLE = YES;
				IPHONEOS_DEPLOYMENT_TARGET = 13.2;
				MTL_ENABLE_DEBUG_INFO = INCLUDE_SOURCE;
				MTL_FAST_MATH = YES;
				ONLY_ACTIVE_ARCH = YES;
				SDKROOT = iphoneos;
				SWIFT_ACTIVE_COMPILATION_CONDITIONS = DEBUG;
				SWIFT_OPTIMIZATION_LEVEL = "-Onone";
			};
			name = Debug;
		};
		EC52AA3B240D9D4E001E14AF /* Release */ = {
			isa = XCBuildConfiguration;
			buildSettings = {
				ALWAYS_SEARCH_USER_PATHS = NO;
				CLANG_ANALYZER_NONNULL = YES;
				CLANG_ANALYZER_NUMBER_OBJECT_CONVERSION = YES_AGGRESSIVE;
				CLANG_CXX_LANGUAGE_STANDARD = "gnu++14";
				CLANG_CXX_LIBRARY = "libc++";
				CLANG_ENABLE_MODULES = YES;
				CLANG_ENABLE_OBJC_ARC = YES;
				CLANG_ENABLE_OBJC_WEAK = YES;
				CLANG_WARN_BLOCK_CAPTURE_AUTORELEASING = YES;
				CLANG_WARN_BOOL_CONVERSION = YES;
				CLANG_WARN_COMMA = YES;
				CLANG_WARN_CONSTANT_CONVERSION = YES;
				CLANG_WARN_DEPRECATED_OBJC_IMPLEMENTATIONS = YES;
				CLANG_WARN_DIRECT_OBJC_ISA_USAGE = YES_ERROR;
				CLANG_WARN_DOCUMENTATION_COMMENTS = YES;
				CLANG_WARN_EMPTY_BODY = YES;
				CLANG_WARN_ENUM_CONVERSION = YES;
				CLANG_WARN_INFINITE_RECURSION = YES;
				CLANG_WARN_INT_CONVERSION = YES;
				CLANG_WARN_NON_LITERAL_NULL_CONVERSION = YES;
				CLANG_WARN_OBJC_IMPLICIT_RETAIN_SELF = YES;
				CLANG_WARN_OBJC_LITERAL_CONVERSION = YES;
				CLANG_WARN_OBJC_ROOT_CLASS = YES_ERROR;
				CLANG_WARN_RANGE_LOOP_ANALYSIS = YES;
				CLANG_WARN_STRICT_PROTOTYPES = YES;
				CLANG_WARN_SUSPICIOUS_MOVE = YES;
				CLANG_WARN_UNGUARDED_AVAILABILITY = YES_AGGRESSIVE;
				CLANG_WARN_UNREACHABLE_CODE = YES;
				CLANG_WARN__DUPLICATE_METHOD_MATCH = YES;
				COPY_PHASE_STRIP = NO;
				DEBUG_INFORMATION_FORMAT = "dwarf-with-dsym";
				ENABLE_NS_ASSERTIONS = NO;
				ENABLE_STRICT_OBJC_MSGSEND = YES;
				GCC_C_LANGUAGE_STANDARD = gnu11;
				GCC_NO_COMMON_BLOCKS = YES;
				GCC_WARN_64_TO_32_BIT_CONVERSION = YES;
				GCC_WARN_ABOUT_RETURN_TYPE = YES_ERROR;
				GCC_WARN_UNDECLARED_SELECTOR = YES;
				GCC_WARN_UNINITIALIZED_AUTOS = YES_AGGRESSIVE;
				GCC_WARN_UNUSED_FUNCTION = YES;
				GCC_WARN_UNUSED_VARIABLE = YES;
				IPHONEOS_DEPLOYMENT_TARGET = 13.2;
				MTL_ENABLE_DEBUG_INFO = NO;
				MTL_FAST_MATH = YES;
				SDKROOT = iphoneos;
				SWIFT_COMPILATION_MODE = wholemodule;
				SWIFT_OPTIMIZATION_LEVEL = "-O";
				VALIDATE_PRODUCT = YES;
			};
			name = Release;
		};
		EC52AA3D240D9D4E001E14AF /* Debug */ = {
			isa = XCBuildConfiguration;
			buildSettings = {
				ASSETCATALOG_COMPILER_APPICON_NAME = AppIcon;
				CODE_SIGN_STYLE = Manual;
				DEVELOPMENT_TEAM = "";
				ENABLE_PREVIEWS = YES;
				INFOPLIST_FILE = "jwt-ios/Info.plist";
				LD_RUNPATH_SEARCH_PATHS = (
					"$(inherited)",
					"@executable_path/Frameworks",
				);
				PRODUCT_BUNDLE_IDENTIFIER = "com.example.jwt-ios";
				PRODUCT_NAME = "$(TARGET_NAME)";
				PROVISIONING_PROFILE_SPECIFIER = "";
				SWIFT_VERSION = 5.0;
				TARGETED_DEVICE_FAMILY = "1,2";
			};
			name = Debug;
		};
		EC52AA3E240D9D4E001E14AF /* Release */ = {
			isa = XCBuildConfiguration;
			buildSettings = {
				ASSETCATALOG_COMPILER_APPICON_NAME = AppIcon;
				CODE_SIGN_STYLE = Manual;
				DEVELOPMENT_TEAM = "";
				ENABLE_PREVIEWS = YES;
				INFOPLIST_FILE = "jwt-ios/Info.plist";
				LD_RUNPATH_SEARCH_PATHS = (
					"$(inherited)",
					"@executable_path/Frameworks",
				);
				PRODUCT_BUNDLE_IDENTIFIER = "com.example.jwt-ios";
				PRODUCT_NAME = "$(TARGET_NAME)";
				PROVISIONING_PROFILE_SPECIFIER = "";
				SWIFT_VERSION = 5.0;
				TARGETED_DEVICE_FAMILY = "1,2";
			};
			name = Release;
		};
/* End XCBuildConfiguration section */

/* Begin XCConfigurationList section */
		EC52AA23240D9D4B001E14AF /* Build configuration list for PBXProject "jwt-ios" */ = {
			isa = XCConfigurationList;
			buildConfigurations = (
				EC52AA3A240D9D4E001E14AF /* Debug */,
				EC52AA3B240D9D4E001E14AF /* Release */,
			);
			defaultConfigurationIsVisible = 0;
			defaultConfigurationName = Release;
		};
		EC52AA3C240D9D4E001E14AF /* Build configuration list for PBXNativeTarget "jwt-ios" */ = {
			isa = XCConfigurationList;
			buildConfigurations = (
				EC52AA3D240D9D4E001E14AF /* Debug */,
				EC52AA3E240D9D4E001E14AF /* Release */,
			);
			defaultConfigurationIsVisible = 0;
			defaultConfigurationName = Release;
		};
/* End XCConfigurationList section */
	};
	rootObject = EC52AA20240D9D4B001E14AF /* Project object */;
}
